
Microsoft Visual Studio Solution File, Format Version 12.00
# Visual Studio Version 16
VisualStudioVersion = 16.0.29709.97
MinimumVisualStudioVersion = 10.0.40219.1
Project("{2150E333-8FDC-42A3-9474-1A3956D46DE8}") = "Project_1", "Project_1", "{501F0351-50A7-4AD8-961E-62FBBCF23288}"
EndProject
Project("{2150E333-8FDC-42A3-9474-1A3956D46DE8}") = "Project_2", "Project_2", "{00D72ED9-DFFA-4A32-A66C-DA454E31071D}"
EndProject
Project("{8BC9CEB8-8B4A-11D0-8D11-00A0C91BC942}") = "Project_2", "Project_2\Project_2.vcxproj", "{4BA8753D-48B6-489F-BB50-4702650D58DB}"
EndProject
Project("{8BC9CEB8-8B4A-11D0-8D11-00A0C91BC942}") = "Project_1", "Project_1\Project_1.vcxproj", "{B1436D04-0B65-4055-A59D-476012CCC7CB}"
EndProject
Project("{8BC9CEB8-8B4A-11D0-8D11-00A0C91BC942}") = "Project_2_2", "Project_2_2\Project_2_2.vcxproj", "{A22DA273-1FF3-43EB-890D-C342847D690B}"
EndProject
Project("{8BC9CEB8-8B4A-11D0-8D11-00A0C91BC942}") = "Test", "Test\Test.vcxproj", "{0AC85DE8-211A-40E2-93EB-A0D6C24EDA68}"
EndProject
Global
	GlobalSection(SolutionConfigurationPlatforms) = preSolution
		Debug|x64 = Debug|x64
		Debug|x86 = Debug|x86
		Release|x64 = Release|x64
		Release|x86 = Release|x86
	EndGlobalSection
	GlobalSection(ProjectConfigurationPlatforms) = postSolution
		{4BA8753D-48B6-489F-BB50-4702650D58DB}.Debug|x64.ActiveCfg = Debug|x64
		{4BA8753D-48B6-489F-BB50-4702650D58DB}.Debug|x64.Build.0 = Debug|x64
		{4BA8753D-48B6-489F-BB50-4702650D58DB}.Debug|x86.ActiveCfg = Debug|Win32
		{4BA8753D-48B6-489F-BB50-4702650D58DB}.Debug|x86.Build.0 = Debug|Win32
		{4BA8753D-48B6-489F-BB50-4702650D58DB}.Release|x64.ActiveCfg = Release|x64
		{4BA8753D-48B6-489F-BB50-4702650D58DB}.Release|x64.Build.0 = Release|x64
		{4BA8753D-48B6-489F-BB50-4702650D58DB}.Release|x86.ActiveCfg = Release|Win32
		{4BA8753D-48B6-489F-BB50-4702650D58DB}.Release|x86.Build.0 = Release|Win32
		{B1436D04-0B65-4055-A59D-476012CCC7CB}.Debug|x64.ActiveCfg = Debug|x64
		{B1436D04-0B65-4055-A59D-476012CCC7CB}.Debug|x64.Build.0 = Debug|x64
		{B1436D04-0B65-4055-A59D-476012CCC7CB}.Debug|x86.ActiveCfg = Debug|Win32
		{B1436D04-0B65-4055-A59D-476012CCC7CB}.Debug|x86.Build.0 = Debug|Win32
		{B1436D04-0B65-4055-A59D-476012CCC7CB}.Release|x64.ActiveCfg = Release|x64
		{B1436D04-0B65-4055-A59D-476012CCC7CB}.Release|x64.Build.0 = Release|x64
		{B1436D04-0B65-4055-A59D-476012CCC7CB}.Release|x86.ActiveCfg = Release|Win32
		{B1436D04-0B65-4055-A59D-476012CCC7CB}.Release|x86.Build.0 = Release|Win32
		{A22DA273-1FF3-43EB-890D-C342847D690B}.Debug|x64.ActiveCfg = Debug|x64
		{A22DA273-1FF3-43EB-890D-C342847D690B}.Debug|x64.Build.0 = Debug|x64
		{A22DA273-1FF3-43EB-890D-C342847D690B}.Debug|x86.ActiveCfg = Debug|Win32
		{A22DA273-1FF3-43EB-890D-C342847D690B}.Debug|x86.Build.0 = Debug|Win32
		{A22DA273-1FF3-43EB-890D-C342847D690B}.Release|x64.ActiveCfg = Release|x64
		{A22DA273-1FF3-43EB-890D-C342847D690B}.Release|x64.Build.0 = Release|x64
		{A22DA273-1FF3-43EB-890D-C342847D690B}.Release|x86.ActiveCfg = Release|Win32
		{A22DA273-1FF3-43EB-890D-C342847D690B}.Release|x86.Build.0 = Release|Win32
		{0AC85DE8-211A-40E2-93EB-A0D6C24EDA68}.Debug|x64.ActiveCfg = Debug|x64
		{0AC85DE8-211A-40E2-93EB-A0D6C24EDA68}.Debug|x64.Build.0 = Debug|x64
		{0AC85DE8-211A-40E2-93EB-A0D6C24EDA68}.Debug|x86.ActiveCfg = Debug|Win32
		{0AC85DE8-211A-40E2-93EB-A0D6C24EDA68}.Debug|x86.Build.0 = Debug|Win32
		{0AC85DE8-211A-40E2-93EB-A0D6C24EDA68}.Release|x64.ActiveCfg = Release|x64
		{0AC85DE8-211A-40E2-93EB-A0D6C24EDA68}.Release|x64.Build.0 = Release|x64
		{0AC85DE8-211A-40E2-93EB-A0D6C24EDA68}.Release|x86.ActiveCfg = Release|Win32
		{0AC85DE8-211A-40E2-93EB-A0D6C24EDA68}.Release|x86.Build.0 = Release|Win32
	EndGlobalSection
	GlobalSection(SolutionProperties) = preSolution
		HideSolutionNode = FALSE
	EndGlobalSection
	GlobalSection(NestedProjects) = preSolution
		{4BA8753D-48B6-489F-BB50-4702650D58DB} = {00D72ED9-DFFA-4A32-A66C-DA454E31071D}
		{B1436D04-0B65-4055-A59D-476012CCC7CB} = {501F0351-50A7-4AD8-961E-62FBBCF23288}
		{A22DA273-1FF3-43EB-890D-C342847D690B} = {00D72ED9-DFFA-4A32-A66C-DA454E31071D}
		{0AC85DE8-211A-40E2-93EB-A0D6C24EDA68} = {00D72ED9-DFFA-4A32-A66C-DA454E31071D}
	EndGlobalSection
	GlobalSection(ExtensibilityGlobals) = postSolution
		SolutionGuid = {C4135ED2-1CE7-463F-BF58-C18C66FE9EEE}
	EndGlobalSection
EndGlobal
